
Microsoft Visual Studio Solution File, Format Version 12.00
# Visual Studio 2013
VisualStudioVersion = 12.0.31101.0
MinimumVisualStudioVersion = 10.0.40219.1
Project("{FAE04EC0-301F-11D3-BF4B-00C04F79EFBC}") = "EntityFrameworkEscola.Console", "EntityFrameworkEscola\EntityFrameworkEscola.Console.csproj", "{238ACED4-5112-4F67-AFAE-96D54EA0064B}"
EndProject
Project("{FAE04EC0-301F-11D3-BF4B-00C04F79EFBC}") = "EntityFrameworkEscola.DataAccess", "EntityFrameworkEscola.DataAccess\EntityFrameworkEscola.DataAccess.csproj", "{D1F9E7EE-46C8-4E6E-858E-C02D9801E981}"
EndProject
Project("{FAE04EC0-301F-11D3-BF4B-00C04F79EFBC}") = "EntityFrameworkEscola.Domain", "EntityFrameworkEscola.Domain\EntityFrameworkEscola.Domain.csproj", "{D90425AA-0A60-4539-98B3-33A7A67EED02}"
EndProject
Global
	GlobalSection(SolutionConfigurationPlatforms) = preSolution
		Debug|Any CPU = Debug|Any CPU
		Release|Any CPU = Release|Any CPU
	EndGlobalSection
	GlobalSection(ProjectConfigurationPlatforms) = postSolution
		{238ACED4-5112-4F67-AFAE-96D54EA0064B}.Debug|Any CPU.ActiveCfg = Debug|Any CPU
		{238ACED4-5112-4F67-AFAE-96D54EA0064B}.Debug|Any CPU.Build.0 = Debug|Any CPU
		{238ACED4-5112-4F67-AFAE-96D54EA0064B}.Release|Any CPU.ActiveCfg = Release|Any CPU
		{238ACED4-5112-4F67-AFAE-96D54EA0064B}.Release|Any CPU.Build.0 = Release|Any CPU
		{D1F9E7EE-46C8-4E6E-858E-C02D9801E981}.Debug|Any CPU.ActiveCfg = Debug|Any CPU
		{D1F9E7EE-46C8-4E6E-858E-C02D9801E981}.Debug|Any CPU.Build.0 = Debug|Any CPU
		{D1F9E7EE-46C8-4E6E-858E-C02D9801E981}.Release|Any CPU.ActiveCfg = Release|Any CPU
		{D1F9E7EE-46C8-4E6E-858E-C02D9801E981}.Release|Any CPU.Build.0 = Release|Any CPU
		{D90425AA-0A60-4539-98B3-33A7A67EED02}.Debug|Any CPU.ActiveCfg = Debug|Any CPU
		{D90425AA-0A60-4539-98B3-33A7A67EED02}.Debug|Any CPU.Build.0 = Debug|Any CPU
		{D90425AA-0A60-4539-98B3-33A7A67EED02}.Release|Any CPU.ActiveCfg = Release|Any CPU
		{D90425AA-0A60-4539-98B3-33A7A67EED02}.Release|Any CPU.Build.0 = Release|Any CPU
	EndGlobalSection
	GlobalSection(SolutionProperties) = preSolution
		HideSolutionNode = FALSE
	EndGlobalSection
EndGlobal
